lockfileVersion: '9.0'

settings:
  autoInstallPeers: true
  excludeLinksFromLockfile: false

catalogs:
  default:
    '@types/node':
      specifier: 24.13.3
      version: 24.13.3
    typescript:
      specifier: 6.0.3
      version: 6.0.3

importers:

  .:
    devDependencies:
      '@types/node':
        specifier: 'catalog:'
        version: 24.13.3
      typescript:
        specifier: 'catalog:'
        version: 6.0.3

  packages/blocks:
    dependencies:
      '@lumo-ui/ui':
        specifier: workspace:*
        version: link:../ui
      preact:
        specifier: '>=10'
        version: 10.29.8

  packages/core:
    dependencies:
      preact:
        specifier: '>=10'
        version: 10.29.8

  packages/theme: {}

  packages/ui:
    dependencies:
      '@lumo-ui/core':
        specifier: workspace:*
        version: link:../core
      preact:
        specifier: '>=10'
        version: 10.29.8

packages:

  '@types/node@24.13.3':
    resolution: {integrity: sha512-Dh8vAsV36ig5wa9OX4pXvMc9D3Veibfw2wix0CUwYODLD8nkj9UsLjASr49nPg+2eKzxhBV+v7L8pXvT4e639Q==}

  preact@10.29.8:
    resolution: {integrity: sha512-ej2aVZ+vZ8WO7tvlQWRM9N63A0KzF9q4mWJfDUHgYaIofWY9hu74QdnQrjoPMmZi2/nZ5gN0bJCQF49xQqx09Q==}
    peerDependencies:
      preact-render-to-string: '>=5'
    peerDependenciesMeta:
      preact-render-to-string:
        optional: true

  typescript@6.0.3:
    resolution: {integrity: sha512-y2TvuxSZPDyQakkFRPZHKFm+KKVqIisdg9/CZwm9ftvKXLP8NRWj38/ODjNbr43SsoXqNuAisEf1GdCxqWcdBw==}
    engines: {node: '>=14.17'}
    hasBin: true

  undici-types@7.18.2:
    resolution: {integrity: sha512-AsuCzffGHJybSaRrmr5eHr81mwJU3kjw6M+uprWvCXiNeN9SOGwQ3Jn8jb8m3Z6izVgknn1R0FTCEAP2QrLY/w==}

snapshots:

  '@types/node@24.13.3':
    dependencies:
      undici-types: 7.18.2

  preact@10.29.8: {}

  typescript@6.0.3: {}

  undici-types@7.18.2: {}
